
Microsoft Visual Studio Solution File, Format Version 12.00
# Visual Studio 14
VisualStudioVersion = 14.0.25420.1
MinimumVisualStudioVersion = 10.0.40219.1
Project("{FAE04EC0-301F-11D3-BF4B-00C04F79EFBC}") = "MvcAndWebApiTemplateWithNoAuthentication", "MvcAndWebApiTemplateWithNoAuthentication\MvcAndWebApiTemplateWithNoAuthentication.csproj", "{C8060EF0-9244-4675-8B95-C63094843CB6}"
EndProject
Project("{FAE04EC0-301F-11D3-BF4B-00C04F79EFBC}") = "MvcAndWebApiTemplateWithAuthentication", "MvcAndWebApiTemplateWithAuthentication\MvcAndWebApiTemplateWithAuthentication.csproj", "{5B2E682C-7082-4679-8C53-4FEE6EA7D6C8}"
EndProject
Global
	GlobalSection(SolutionConfigurationPlatforms) = preSolution
		Debug|Any CPU = Debug|Any CPU
		Release|Any CPU = Release|Any CPU
	EndGlobalSection
	GlobalSection(ProjectConfigurationPlatforms) = postSolution
		{C8060EF0-9244-4675-8B95-C63094843CB6}.Debug|Any CPU.ActiveCfg = Debug|Any CPU
		{C8060EF0-9244-4675-8B95-C63094843CB6}.Debug|Any CPU.Build.0 = Debug|Any CPU
		{C8060EF0-9244-4675-8B95-C63094843CB6}.Release|Any CPU.ActiveCfg = Release|Any CPU
		{C8060EF0-9244-4675-8B95-C63094843CB6}.Release|Any CPU.Build.0 = Release|Any CPU
		{5B2E682C-7082-4679-8C53-4FEE6EA7D6C8}.Debug|Any CPU.ActiveCfg = Debug|Any CPU
		{5B2E682C-7082-4679-8C53-4FEE6EA7D6C8}.Debug|Any CPU.Build.0 = Debug|Any CPU
		{5B2E682C-7082-4679-8C53-4FEE6EA7D6C8}.Release|Any CPU.ActiveCfg = Release|Any CPU
		{5B2E682C-7082-4679-8C53-4FEE6EA7D6C8}.Release|Any CPU.Build.0 = Release|Any CPU
	EndGlobalSection
	GlobalSection(SolutionProperties) = preSolution
		HideSolutionNode = FALSE
	EndGlobalSection
EndGlobal
