
Microsoft Visual Studio Solution File, Format Version 12.00
# Visual Studio 14
VisualStudioVersion = 14.0.25420.1
MinimumVisualStudioVersion = 10.0.40219.1
Project("{FAE04EC0-301F-11D3-BF4B-00C04F79EFBC}") = "WindowsFormsApp", "WindowsFormsApp\WindowsFormsApp.csproj", "{554B2F18-86D5-46F4-A15E-3930BAC2F0B3}"
EndProject
Project("{FAE04EC0-301F-11D3-BF4B-00C04F79EFBC}") = "AsyncAwaitWebApp", "AsyncAwaitWebApp\AsyncAwaitWebApp.csproj", "{AF5599E1-E82A-429E-ADA9-A7840B971410}"
EndProject
Global
	GlobalSection(SolutionConfigurationPlatforms) = preSolution
		Debug|Any CPU = Debug|Any CPU
		Release|Any CPU = Release|Any CPU
	EndGlobalSection
	GlobalSection(ProjectConfigurationPlatforms) = postSolution
		{554B2F18-86D5-46F4-A15E-3930BAC2F0B3}.Debug|Any CPU.ActiveCfg = Debug|Any CPU
		{554B2F18-86D5-46F4-A15E-3930BAC2F0B3}.Debug|Any CPU.Build.0 = Debug|Any CPU
		{554B2F18-86D5-46F4-A15E-3930BAC2F0B3}.Release|Any CPU.ActiveCfg = Release|Any CPU
		{554B2F18-86D5-46F4-A15E-3930BAC2F0B3}.Release|Any CPU.Build.0 = Release|Any CPU
		{AF5599E1-E82A-429E-ADA9-A7840B971410}.Debug|Any CPU.ActiveCfg = Debug|Any CPU
		{AF5599E1-E82A-429E-ADA9-A7840B971410}.Debug|Any CPU.Build.0 = Debug|Any CPU
		{AF5599E1-E82A-429E-ADA9-A7840B971410}.Release|Any CPU.ActiveCfg = Release|Any CPU
		{AF5599E1-E82A-429E-ADA9-A7840B971410}.Release|Any CPU.Build.0 = Release|Any CPU
	EndGlobalSection
	GlobalSection(SolutionProperties) = preSolution
		HideSolutionNode = FALSE
	EndGlobalSection
EndGlobal
