
Microsoft Visual Studio Solution File, Format Version 12.00
# Visual Studio 14
VisualStudioVersion = 14.0.24720.0
MinimumVisualStudioVersion = 10.0.40219.1
Project("{FAE04EC0-301F-11D3-BF4B-00C04F79EFBC}") = "OAuthImplementation", "OAuthImplementation\OAuthImplementation.csproj", "{0DE8728D-21C1-4DCE-8112-6BB9EF92CE1E}"
EndProject
Project("{FAE04EC0-301F-11D3-BF4B-00C04F79EFBC}") = "Owin.OAuth.API", "OwinAuthentication.API\Owin.OAuth.API.csproj", "{04715EBA-D791-4486-8B4B-25F44EA7F7B0}"
EndProject
Global
	GlobalSection(SolutionConfigurationPlatforms) = preSolution
		Debug|Any CPU = Debug|Any CPU
		Release|Any CPU = Release|Any CPU
	EndGlobalSection
	GlobalSection(ProjectConfigurationPlatforms) = postSolution
		{0DE8728D-21C1-4DCE-8112-6BB9EF92CE1E}.Debug|Any CPU.ActiveCfg = Debug|Any CPU
		{0DE8728D-21C1-4DCE-8112-6BB9EF92CE1E}.Debug|Any CPU.Build.0 = Debug|Any CPU
		{0DE8728D-21C1-4DCE-8112-6BB9EF92CE1E}.Release|Any CPU.ActiveCfg = Release|Any CPU
		{0DE8728D-21C1-4DCE-8112-6BB9EF92CE1E}.Release|Any CPU.Build.0 = Release|Any CPU
		{04715EBA-D791-4486-8B4B-25F44EA7F7B0}.Debug|Any CPU.ActiveCfg = Debug|Any CPU
		{04715EBA-D791-4486-8B4B-25F44EA7F7B0}.Debug|Any CPU.Build.0 = Debug|Any CPU
		{04715EBA-D791-4486-8B4B-25F44EA7F7B0}.Release|Any CPU.ActiveCfg = Release|Any CPU
		{04715EBA-D791-4486-8B4B-25F44EA7F7B0}.Release|Any CPU.Build.0 = Release|Any CPU
	EndGlobalSection
	GlobalSection(SolutionProperties) = preSolution
		HideSolutionNode = FALSE
	EndGlobalSection
EndGlobal
