
Microsoft Visual Studio Solution File, Format Version 12.00
# Visual Studio 14
VisualStudioVersion = 14.0.23107.0
MinimumVisualStudioVersion = 10.0.40219.1
Project("{FAE04EC0-301F-11D3-BF4B-00C04F79EFBC}") = "HttpModulesAndHttpHandlerDemo", "HttpModulesAndHttpHandlerDemo\HttpModulesAndHttpHandlerDemo.csproj", "{B1A34149-A6D1-48A3-A277-6A51A79FE18E}"
EndProject
Global
	GlobalSection(SolutionConfigurationPlatforms) = preSolution
		Debug|Any CPU = Debug|Any CPU
		Release|Any CPU = Release|Any CPU
	EndGlobalSection
	GlobalSection(ProjectConfigurationPlatforms) = postSolution
		{B1A34149-A6D1-48A3-A277-6A51A79FE18E}.Debug|Any CPU.ActiveCfg = Debug|Any CPU
		{B1A34149-A6D1-48A3-A277-6A51A79FE18E}.Debug|Any CPU.Build.0 = Debug|Any CPU
		{B1A34149-A6D1-48A3-A277-6A51A79FE18E}.Release|Any CPU.ActiveCfg = Release|Any CPU
		{B1A34149-A6D1-48A3-A277-6A51A79FE18E}.Release|Any CPU.Build.0 = Release|Any CPU
	EndGlobalSection
	GlobalSection(SolutionProperties) = preSolution
		HideSolutionNode = FALSE
	EndGlobalSection
EndGlobal
