
Microsoft Visual Studio Solution File, Format Version 12.00
# Visual Studio 14
VisualStudioVersion = 14.0.23107.0
MinimumVisualStudioVersion = 10.0.40219.1
Project("{FAE04EC0-301F-11D3-BF4B-00C04F79EFBC}") = "SelfHostingServer", "SelfHostingServer\SelfHostingServer.csproj", "{E0E31591-A5F9-4958-8CD1-DEA9E6484C6A}"
EndProject
Project("{FAE04EC0-301F-11D3-BF4B-00C04F79EFBC}") = "OwinAndKartanaDemo", "OwinAndKartanaDemo\OwinAndKartanaDemo.csproj", "{3B9B2FF0-0C5B-41BD-8F7C-21C5120EDC15}"
EndProject
Global
	GlobalSection(SolutionConfigurationPlatforms) = preSolution
		Debug|Any CPU = Debug|Any CPU
		Release|Any CPU = Release|Any CPU
	EndGlobalSection
	GlobalSection(ProjectConfigurationPlatforms) = postSolution
		{E0E31591-A5F9-4958-8CD1-DEA9E6484C6A}.Debug|Any CPU.ActiveCfg = Debug|Any CPU
		{E0E31591-A5F9-4958-8CD1-DEA9E6484C6A}.Debug|Any CPU.Build.0 = Debug|Any CPU
		{E0E31591-A5F9-4958-8CD1-DEA9E6484C6A}.Release|Any CPU.ActiveCfg = Release|Any CPU
		{E0E31591-A5F9-4958-8CD1-DEA9E6484C6A}.Release|Any CPU.Build.0 = Release|Any CPU
		{3B9B2FF0-0C5B-41BD-8F7C-21C5120EDC15}.Debug|Any CPU.ActiveCfg = Debug|Any CPU
		{3B9B2FF0-0C5B-41BD-8F7C-21C5120EDC15}.Debug|Any CPU.Build.0 = Debug|Any CPU
		{3B9B2FF0-0C5B-41BD-8F7C-21C5120EDC15}.Release|Any CPU.ActiveCfg = Release|Any CPU
		{3B9B2FF0-0C5B-41BD-8F7C-21C5120EDC15}.Release|Any CPU.Build.0 = Release|Any CPU
	EndGlobalSection
	GlobalSection(SolutionProperties) = preSolution
		HideSolutionNode = FALSE
	EndGlobalSection
EndGlobal
